
Microsoft Visual Studio Solution File, Format Version 12.00
# Visual Studio Version 17
VisualStudioVersion = 17.5.2.0
MinimumVisualStudioVersion = 10.0.40219.1
Project("{FAE04EC0-301F-11D3-BF4B-00C04F79EFBC}") = "TestSubject", "TestSubject\TestSubject.csproj", "{43137B7F-7344-4C50-A04B-6178A2941068}"
EndProject
Project("{FAE04EC0-301F-11D3-BF4B-00C04F79EFBC}") = "TestSubject.Tests", "TestSubject.Tests\TestSubject.Tests.csproj", "{72D9BFA9-20BC-4729-B2B7-17F5C163770F}"
EndProject
Global
	GlobalSection(SolutionConfigurationPlatforms) = preSolution
		Debug|Any CPU = Debug|Any CPU
		Debug|x64 = Debug|x64
		Debug|x86 = Debug|x86
		Release|Any CPU = Release|Any CPU
		Release|x64 = Release|x64
		Release|x86 = Release|x86
	EndGlobalSection
	GlobalSection(ProjectConfigurationPlatforms) = postSolution
		{43137B7F-7344-4C50-A04B-6178A2941068}.Debug|Any CPU.ActiveCfg = Debug|Any CPU
		{43137B7F-7344-4C50-A04B-6178A2941068}.Debug|Any CPU.Build.0 = Debug|Any CPU
		{43137B7F-7344-4C50-A04B-6178A2941068}.Debug|x64.ActiveCfg = Debug|Any CPU
		{43137B7F-7344-4C50-A04B-6178A2941068}.Debug|x64.Build.0 = Debug|Any CPU
		{43137B7F-7344-4C50-A04B-6178A2941068}.Debug|x86.ActiveCfg = Debug|Any CPU
		{43137B7F-7344-4C50-A04B-6178A2941068}.Debug|x86.Build.0 = Debug|Any CPU
		{43137B7F-7344-4C50-A04B-6178A2941068}.Release|Any CPU.ActiveCfg = Release|Any CPU
		{43137B7F-7344-4C50-A04B-6178A2941068}.Release|Any CPU.Build.0 = Release|Any CPU
		{43137B7F-7344-4C50-A04B-6178A2941068}.Release|x64.ActiveCfg = Release|Any CPU
		{43137B7F-7344-4C50-A04B-6178A2941068}.Release|x64.Build.0 = Release|Any CPU
		{43137B7F-7344-4C50-A04B-6178A2941068}.Release|x86.ActiveCfg = Release|Any CPU
		{43137B7F-7344-4C50-A04B-6178A2941068}.Release|x86.Build.0 = Release|Any CPU
		{72D9BFA9-20BC-4729-B2B7-17F5C163770F}.Debug|Any CPU.ActiveCfg = Debug|Any CPU
		{72D9BFA9-20BC-4729-B2B7-17F5C163770F}.Debug|Any CPU.Build.0 = Debug|Any CPU
		{72D9BFA9-20BC-4729-B2B7-17F5C163770F}.Debug|x64.ActiveCfg = Debug|Any CPU
		{72D9BFA9-20BC-4729-B2B7-17F5C163770F}.Debug|x64.Build.0 = Debug|Any CPU
		{72D9BFA9-20BC-4729-B2B7-17F5C163770F}.Debug|x86.ActiveCfg = Debug|Any CPU
		{72D9BFA9-20BC-4729-B2B7-17F5C163770F}.Debug|x86.Build.0 = Debug|Any CPU
		{72D9BFA9-20BC-4729-B2B7-17F5C163770F}.Release|Any CPU.ActiveCfg = Release|Any CPU
		{72D9BFA9-20BC-4729-B2B7-17F5C163770F}.Release|Any CPU.Build.0 = Release|Any CPU
		{72D9BFA9-20BC-4729-B2B7-17F5C163770F}.Release|x64.ActiveCfg = Release|Any CPU
		{72D9BFA9-20BC-4729-B2B7-17F5C163770F}.Release|x64.Build.0 = Release|Any CPU
		{72D9BFA9-20BC-4729-B2B7-17F5C163770F}.Release|x86.ActiveCfg = Release|Any CPU
		{72D9BFA9-20BC-4729-B2B7-17F5C163770F}.Release|x86.Build.0 = Release|Any CPU
	EndGlobalSection
	GlobalSection(SolutionProperties) = preSolution
		HideSolutionNode = FALSE
	EndGlobalSection
	GlobalSection(ExtensibilityGlobals) = postSolution
		SolutionGuid = {EA73E890-BE72-4502-98EB-C1B11462C2F9}
	EndGlobalSection
EndGlobal
