
Microsoft Visual Studio Solution File, Format Version 12.00
# Visual Studio Version 17
VisualStudioVersion = 17.14.35821.62
MinimumVisualStudioVersion = 10.0.40219.1
Project("{FAE04EC0-301F-11D3-BF4B-00C04F79EFBC}") = "TestProject-A", "TestProject-A\TestProject-A.csproj", "{1F915C07-9D4C-428B-B952-EBCE079906E9}"
EndProject
Project("{FAE04EC0-301F-11D3-BF4B-00C04F79EFBC}") = "Project-A", "Project-A\Project-A.csproj", "{5391C828-FF18-4599-ACF4-C89CADB20538}"
EndProject
Global
	GlobalSection(SolutionConfigurationPlatforms) = preSolution
		Debug|Any CPU = Debug|Any CPU
		Release|Any CPU = Release|Any CPU
	EndGlobalSection
	GlobalSection(ProjectConfigurationPlatforms) = postSolution
		{1F915C07-9D4C-428B-B952-EBCE079906E9}.Debug|Any CPU.ActiveCfg = Debug|Any CPU
		{1F915C07-9D4C-428B-B952-EBCE079906E9}.Debug|Any CPU.Build.0 = Debug|Any CPU
		{1F915C07-9D4C-428B-B952-EBCE079906E9}.Release|Any CPU.ActiveCfg = Release|Any CPU
		{1F915C07-9D4C-428B-B952-EBCE079906E9}.Release|Any CPU.Build.0 = Release|Any CPU
		{5391C828-FF18-4599-ACF4-C89CADB20538}.Debug|Any CPU.ActiveCfg = Debug|Any CPU
		{5391C828-FF18-4599-ACF4-C89CADB20538}.Debug|Any CPU.Build.0 = Debug|Any CPU
		{5391C828-FF18-4599-ACF4-C89CADB20538}.Release|Any CPU.ActiveCfg = Release|Any CPU
		{5391C828-FF18-4599-ACF4-C89CADB20538}.Release|Any CPU.Build.0 = Release|Any CPU
	EndGlobalSection
	GlobalSection(SolutionProperties) = preSolution
		HideSolutionNode = FALSE
	EndGlobalSection
	GlobalSection(ExtensibilityGlobals) = postSolution
		SolutionGuid = {B75F8866-B1B4-4D55-96A8-7B6FD98C67F2}
	EndGlobalSection
EndGlobal
